
Microsoft Visual Studio Solution File, Format Version 12.00
# Visual Studio 2013
VisualStudioVersion = 12.0.21005.1
MinimumVisualStudioVersion = 10.0.40219.1
Project("{FAE04EC0-301F-11D3-BF4B-00C04F79EFBC}") = "PhotographyManager.Web", "PhotographyManager\PhotographyManager.Web.csproj", "{6C2E0A72-317F-4633-9B45-D659241AA732}"
EndProject
Project("{FAE04EC0-301F-11D3-BF4B-00C04F79EFBC}") = "PhotographyManager.DataAccess", "PhotographyManager.DataAccess\PhotographyManager.DataAccess.csproj", "{1FDD665D-7EDA-446A-9E8A-C231C76A0249}"
EndProject
Project("{FAE04EC0-301F-11D3-BF4B-00C04F79EFBC}") = "PhotographyManager.Model", "PhotographyManager.Model\PhotographyManager.Model.csproj", "{ACD115AC-21B1-479B-87E6-E9ACBBE2F42E}"
EndProject
Global
	GlobalSection(SolutionConfigurationPlatforms) = preSolution
		Debug|Any CPU = Debug|Any CPU
		Release|Any CPU = Release|Any CPU
	EndGlobalSection
	GlobalSection(ProjectConfigurationPlatforms) = postSolution
		{6C2E0A72-317F-4633-9B45-D659241AA732}.Debug|Any CPU.ActiveCfg = Debug|Any CPU
		{6C2E0A72-317F-4633-9B45-D659241AA732}.Debug|Any CPU.Build.0 = Debug|Any CPU
		{6C2E0A72-317F-4633-9B45-D659241AA732}.Release|Any CPU.ActiveCfg = Release|Any CPU
		{6C2E0A72-317F-4633-9B45-D659241AA732}.Release|Any CPU.Build.0 = Release|Any CPU
		{1FDD665D-7EDA-446A-9E8A-C231C76A0249}.Debug|Any CPU.ActiveCfg = Debug|Any CPU
		{1FDD665D-7EDA-446A-9E8A-C231C76A0249}.Debug|Any CPU.Build.0 = Debug|Any CPU
		{1FDD665D-7EDA-446A-9E8A-C231C76A0249}.Release|Any CPU.ActiveCfg = Release|Any CPU
		{1FDD665D-7EDA-446A-9E8A-C231C76A0249}.Release|Any CPU.Build.0 = Release|Any CPU
		{ACD115AC-21B1-479B-87E6-E9ACBBE2F42E}.Debug|Any CPU.ActiveCfg = Debug|Any CPU
		{ACD115AC-21B1-479B-87E6-E9ACBBE2F42E}.Debug|Any CPU.Build.0 = Debug|Any CPU
		{ACD115AC-21B1-479B-87E6-E9ACBBE2F42E}.Release|Any CPU.ActiveCfg = Release|Any CPU
		{ACD115AC-21B1-479B-87E6-E9ACBBE2F42E}.Release|Any CPU.Build.0 = Release|Any CPU
	EndGlobalSection
	GlobalSection(SolutionProperties) = preSolution
		HideSolutionNode = FALSE
	EndGlobalSection
EndGlobal
